
Microsoft Visual Studio Solution File, Format Version 12.00
# Visual Studio Version 17
VisualStudioVersion = 17.5.33516.290
MinimumVisualStudioVersion = 10.0.40219.1
Project("{FAE04EC0-301F-11D3-BF4B-00C04F79EFBC}") = "Revit_Toolbar_Test", "Revit_Toolbar_Test\Revit_Toolbar_Test.csproj", "{23DFD014-BB4E-4709-B813-27076974FF72}"
EndProject
Global
	GlobalSection(SolutionConfigurationPlatforms) = preSolution
		Debug|Any CPU = Debug|Any CPU
		Release|Any CPU = Release|Any CPU
	EndGlobalSection
	GlobalSection(ProjectConfigurationPlatforms) = postSolution
		{23DFD014-BB4E-4709-B813-27076974FF72}.Debug|Any CPU.ActiveCfg = Debug|Any CPU
		{23DFD014-BB4E-4709-B813-27076974FF72}.Debug|Any CPU.Build.0 = Debug|Any CPU
		{23DFD014-BB4E-4709-B813-27076974FF72}.Release|Any CPU.ActiveCfg = Release|Any CPU
		{23DFD014-BB4E-4709-B813-27076974FF72}.Release|Any CPU.Build.0 = Release|Any CPU
	EndGlobalSection
	GlobalSection(SolutionProperties) = preSolution
		HideSolutionNode = FALSE
	EndGlobalSection
	GlobalSection(ExtensibilityGlobals) = postSolution
		SolutionGuid = {CED15F74-C332-458A-8602-2EB54A1D9119}
	EndGlobalSection
EndGlobal
